
Microsoft Visual Studio Solution File, Format Version 12.00
# Visual Studio Version 17
VisualStudioVersion = 17.2.32630.192
MinimumVisualStudioVersion = 10.0.40219.1
Project("{FAE04EC0-301F-11D3-BF4B-00C04F79EFBC}") = "WhoIsWho", "WhoIsWho\WhoIsWho.csproj", "{A640B4F6-848D-46DE-84EB-0538AC81B31F}"
EndProject
Global
	GlobalSection(SolutionConfigurationPlatforms) = preSolution
		Debug|Any CPU = Debug|Any CPU
		Release|Any CPU = Release|Any CPU
	EndGlobalSection
	GlobalSection(ProjectConfigurationPlatforms) = postSolution
		{A640B4F6-848D-46DE-84EB-0538AC81B31F}.Debug|Any CPU.ActiveCfg = Debug|Any CPU
		{A640B4F6-848D-46DE-84EB-0538AC81B31F}.Debug|Any CPU.Build.0 = Debug|Any CPU
		{A640B4F6-848D-46DE-84EB-0538AC81B31F}.Release|Any CPU.ActiveCfg = Release|Any CPU
		{A640B4F6-848D-46DE-84EB-0538AC81B31F}.Release|Any CPU.Build.0 = Release|Any CPU
	EndGlobalSection
	GlobalSection(SolutionProperties) = preSolution
		HideSolutionNode = FALSE
	EndGlobalSection
	GlobalSection(ExtensibilityGlobals) = postSolution
		SolutionGuid = {D7C7CC4A-EA52-4331-A93D-83A27A94CA8E}
	EndGlobalSection
EndGlobal
